// !$*UTF8*$!
{
	archiveVersion = 1;
	classes = {
	};
	objectVersion = 56;
	objects = {

/* Begin PBXBuildFile section */
		5D1AEB40293ED86200CE5135 /* CommentView.swift in Sources */ = {isa = PBXBuildFile; fileRef = 5D1AEB3F293ED86200CE5135 /* CommentView.swift */; };
		5D43F8D4293D14F20080ACC2 /* WhatToWatchApp.swift in Sources */ = {isa = PBXBuildFile; fileRef = 5D43F8D3293D14F20080ACC2 /* WhatToWatchApp.swift */; };
		5D43F8D6293D14F20080ACC2 /* LoginView.swift in Sources */ = {isa = PBXBuildFile; fileRef = 5D43F8D5293D14F20080ACC2 /* LoginView.swift */; };
		5D43F8D8293D14F40080ACC2 /* Assets.xcassets in Resources */ = {isa = PBXBuildFile; fileRef = 5D43F8D7293D14F40080ACC2 /* Assets.xcassets */; };
		5D43F8DB293D14F40080ACC2 /* Preview Assets.xcassets in Resources */ = {isa = PBXBuildFile; fileRef = 5D43F8DA293D14F40080ACC2 /* Preview Assets.xcassets */; };
		5D43F8E3293D166F0080ACC2 /* FirebaseAuth in Frameworks */ = {isa = PBXBuildFile; productRef = 5D43F8E2293D166F0080ACC2 /* FirebaseAuth */; };
		5D43F8E5293D166F0080ACC2 /* FirebaseFirestore in Frameworks */ = {isa = PBXBuildFile; productRef = 5D43F8E4293D166F0080ACC2 /* FirebaseFirestore */; };
		5D43F8E7293D166F0080ACC2 /* FirebaseFirestoreSwift in Frameworks */ = {isa = PBXBuildFile; productRef = 5D43F8E6293D166F0080ACC2 /* FirebaseFirestoreSwift */; };
		5D43F8E9293D166F0080ACC2 /* FirebaseStorage in Frameworks */ = {isa = PBXBuildFile; productRef = 5D43F8E8293D166F0080ACC2 /* FirebaseStorage */; };
		5D43F8EB293D18E00080ACC2 /* GoogleService-Info.plist in Resources */ = {isa = PBXBuildFile; fileRef = 5D43F8EA293D18DF0080ACC2 /* GoogleService-Info.plist */; };
		5D772AB4293D4A1E009CA40E /* ListAPIView.swift in Sources */ = {isa = PBXBuildFile; fileRef = 5D772AB3293D4A1E009CA40E /* ListAPIView.swift */; };
		5D772AB6293D5114009CA40E /* Show.swift in Sources */ = {isa = PBXBuildFile; fileRef = 5D772AB5293D5114009CA40E /* Show.swift */; };
		5D772AB8293D5242009CA40E /* ShowsViewModel.swift in Sources */ = {isa = PBXBuildFile; fileRef = 5D772AB7293D5242009CA40E /* ShowsViewModel.swift */; };
		5D772ABA293D6BF1009CA40E /* AddNewShowView.swift in Sources */ = {isa = PBXBuildFile; fileRef = 5D772AB9293D6BF1009CA40E /* AddNewShowView.swift */; };
		5D772ABE293D75AC009CA40E /* ShowViewModel.swift in Sources */ = {isa = PBXBuildFile; fileRef = 5D772ABD293D75AC009CA40E /* ShowViewModel.swift */; };
		5DAB14DD293E3042008C7F6F /* SavedShowView.swift in Sources */ = {isa = PBXBuildFile; fileRef = 5DAB14DC293E3042008C7F6F /* SavedShowView.swift */; };
		5DAB14E1293E3493008C7F6F /* AddShowReviewView.swift in Sources */ = {isa = PBXBuildFile; fileRef = 5DAB14E0293E3493008C7F6F /* AddShowReviewView.swift */; };
		5DAB14E5293E383E008C7F6F /* EpisodesViewModel.swift in Sources */ = {isa = PBXBuildFile; fileRef = 5DAB14E4293E383E008C7F6F /* EpisodesViewModel.swift */; };
		5DAB14E7293E38B0008C7F6F /* Episode.swift in Sources */ = {isa = PBXBuildFile; fileRef = 5DAB14E6293E38B0008C7F6F /* Episode.swift */; };
		5DAB14E9293E3B7B008C7F6F /* EpisodesListView.swift in Sources */ = {isa = PBXBuildFile; fileRef = 5DAB14E8293E3B7B008C7F6F /* EpisodesListView.swift */; };
		5DAB14F1293E6494008C7F6F /* EpisodeViewModel.swift in Sources */ = {isa = PBXBuildFile; fileRef = 5DAB14F0293E6494008C7F6F /* EpisodeViewModel.swift */; };
		5DAB14F3293E64C5008C7F6F /* EpisodeDetails.swift in Sources */ = {isa = PBXBuildFile; fileRef = 5DAB14F2293E64C5008C7F6F /* EpisodeDetails.swift */; };
		5DAB14F5293E65BC008C7F6F /* EpisodeView.swift in Sources */ = {isa = PBXBuildFile; fileRef = 5DAB14F4293E65BC008C7F6F /* EpisodeView.swift */; };
		5DAB14F7293E6D8C008C7F6F /* Comment.swift in Sources */ = {isa = PBXBuildFile; fileRef = 5DAB14F6293E6D8C008C7F6F /* Comment.swift */; };
		5DAB14F9293E7416008C7F6F /* CommentsView.swift in Sources */ = {isa = PBXBuildFile; fileRef = 5DAB14F8293E7416008C7F6F /* CommentsView.swift */; };
		5DE24F20293D965C0026A0D2 /* HomepageView.swift in Sources */ = {isa = PBXBuildFile; fileRef = 5DE24F1F293D965C0026A0D2 /* HomepageView.swift */; };
		5DE24F22293D97450026A0D2 /* SavedShow.swift in Sources */ = {isa = PBXBuildFile; fileRef = 5DE24F21293D97450026A0D2 /* SavedShow.swift */; };
		5DE24F24293DA43B0026A0D2 /* ListView.swift in Sources */ = {isa = PBXBuildFile; fileRef = 5DE24F23293DA43B0026A0D2 /* ListView.swift */; };
/* End PBXBuildFile section */

/* Begin PBXFileReference section */
		5D1AEB3F293ED86200CE5135 /* CommentView.swift */ = {isa = PBXFileReference; lastKnownFileType = sourcecode.swift; path = CommentView.swift; sourceTree = "<group>"; };
		5D43F8D0293D14F20080ACC2 /* WhatToWatch.app */ = {isa = PBXFileReference; explicitFileType = wrapper.application; includeInIndex = 0; path = WhatToWatch.app; sourceTree = BUILT_PRODUCTS_DIR; };
		5D43F8D3293D14F20080ACC2 /* WhatToWatchApp.swift */ = {isa = PBXFileReference; lastKnownFileType = sourcecode.swift; path = WhatToWatchApp.swift; sourceTree = "<group>"; };
		5D43F8D5293D14F20080ACC2 /* LoginView.swift */ = {isa = PBXFileReference; lastKnownFileType = sourcecode.swift; path = LoginView.swift; sourceTree = "<group>"; };
		5D43F8D7293D14F40080ACC2 /* Assets.xcassets */ = {isa = PBXFileReference; lastKnownFileType = folder.assetcatalog; path = Assets.xcassets; sourceTree = "<group>"; };
		5D43F8DA293D14F40080ACC2 /* Preview Assets.xcassets */ = {isa = PBXFileReference; lastKnownFileType = folder.assetcatalog; path = "Preview Assets.xcassets"; sourceTree = "<group>"; };
		5D43F8EA293D18DF0080ACC2 /* GoogleService-Info.plist */ = {isa = PBXFileReference; lastKnownFileType = text.plist; path = "GoogleService-Info.plist"; sourceTree = SOURCE_ROOT; };
		5D772AB3293D4A1E009CA40E /* ListAPIView.swift */ = {isa = PBXFileReference; lastKnownFileType = sourcecode.swift; path = ListAPIView.swift; sourceTree = "<group>"; };
		5D772AB5293D5114009CA40E /* Show.swift */ = {isa = PBXFileReference; lastKnownFileType = sourcecode.swift; path = Show.swift; sourceTree = "<group>"; };
		5D772AB7293D5242009CA40E /* ShowsViewModel.swift */ = {isa = PBXFileReference; lastKnownFileType = sourcecode.swift; path = ShowsViewModel.swift; sourceTree = "<group>"; };
		5D772AB9293D6BF1009CA40E /* AddNewShowView.swift */ = {isa = PBXFileReference; lastKnownFileType = sourcecode.swift; path = AddNewShowView.swift; sourceTree = "<group>"; };
		5D772ABD293D75AC009CA40E /* ShowViewModel.swift */ = {isa = PBXFileReference; lastKnownFileType = sourcecode.swift; path = ShowViewModel.swift; sourceTree = "<group>"; };
		5DAB14DC293E3042008C7F6F /* SavedShowView.swift */ = {isa = PBXFileReference; lastKnownFileType = sourcecode.swift; path = SavedShowView.swift; sourceTree = "<group>"; };
		5DAB14E0293E3493008C7F6F /* AddShowReviewView.swift */ = {isa = PBXFileReference; lastKnownFileType = sourcecode.swift; path = AddShowReviewView.swift; sourceTree = "<group>"; };
		5DAB14E4293E383E008C7F6F /* EpisodesViewModel.swift */ = {isa = PBXFileReference; lastKnownFileType = sourcecode.swift; path = EpisodesViewModel.swift; sourceTree = "<group>"; };
		5DAB14E6293E38B0008C7F6F /* Episode.swift */ = {isa = PBXFileReference; lastKnownFileType = sourcecode.swift; path = Episode.swift; sourceTree = "<group>"; };
		5DAB14E8293E3B7B008C7F6F /* EpisodesListView.swift */ = {isa = PBXFileReference; lastKnownFileType = sourcecode.swift; path = EpisodesListView.swift; sourceTree = "<group>"; };
		5DAB14F0293E6494008C7F6F /* EpisodeViewModel.swift */ = {isa = PBXFileReference; lastKnownFileType = sourcecode.swift; path = EpisodeViewModel.swift; sourceTree = "<group>"; };
		5DAB14F2293E64C5008C7F6F /* EpisodeDetails.swift */ = {isa = PBXFileReference; lastKnownFileType = sourcecode.swift; path = EpisodeDetails.swift; sourceTree = "<group>"; };
		5DAB14F4293E65BC008C7F6F /* EpisodeView.swift */ = {isa = PBXFileReference; lastKnownFileType = sourcecode.swift; path = EpisodeView.swift; sourceTree = "<group>"; };
		5DAB14F6293E6D8C008C7F6F /* Comment.swift */ = {isa = PBXFileReference; lastKnownFileType = sourcecode.swift; path = Comment.swift; sourceTree = "<group>"; };
		5DAB14F8293E7416008C7F6F /* CommentsView.swift */ = {isa = PBXFileReference; lastKnownFileType = sourcecode.swift; path = CommentsView.swift; sourceTree = "<group>"; };
		5DD009CC29428D4900979C0B /* Info.plist */ = {isa = PBXFileReference; lastKnownFileType = text.plist; path = Info.plist; sourceTree = "<group>"; };
		5DE24F1F293D965C0026A0D2 /* HomepageView.swift */ = {isa = PBXFileReference; lastKnownFileType = sourcecode.swift; path = HomepageView.swift; sourceTree = "<group>"; };
		5DE24F21293D97450026A0D2 /* SavedShow.swift */ = {isa = PBXFileReference; lastKnownFileType = sourcecode.swift; path = SavedShow.swift; sourceTree = "<group>"; };
		5DE24F23293DA43B0026A0D2 /* ListView.swift */ = {isa = PBXFileReference; lastKnownFileType = sourcecode.swift; path = ListView.swift; sourceTree = "<group>"; };
/* End PBXFileReference section */

/* Begin PBXFrameworksBuildPhase section */
		5D43F8CD293D14F20080ACC2 /* Frameworks */ = {
			isa = PBXFrameworksBuildPhase;
			buildActionMask = 2147483647;
			files = (
				5D43F8E3293D166F0080ACC2 /* FirebaseAuth in Frameworks */,
				5D43F8E9293D166F0080ACC2 /* FirebaseStorage in Frameworks */,
				5D43F8E5293D166F0080ACC2 /* FirebaseFirestore in Frameworks */,
				5D43F8E7293D166F0080ACC2 /* FirebaseFirestoreSwift in Frameworks */,
			);
			runOnlyForDeploymentPostprocessing = 0;
		};
/* End PBXFrameworksBuildPhase section */

/* Begin PBXGroup section */
		5D43F8C7293D14F20080ACC2 = {
			isa = PBXGroup;
			children = (
				5D43F8D2293D14F20080ACC2 /* WhatToWatch */,
				5D43F8D1293D14F20080ACC2 /* Products */,
			);
			sourceTree = "<group>";
		};
		5D43F8D1293D14F20080ACC2 /* Products */ = {
			isa = PBXGroup;
			children = (
				5D43F8D0293D14F20080ACC2 /* WhatToWatch.app */,
			);
			name = Products;
			sourceTree = "<group>";
		};
		5D43F8D2293D14F20080ACC2 /* WhatToWatch */ = {
			isa = PBXGroup;
			children = (
				5DD009CC29428D4900979C0B /* Info.plist */,
				5D43F8D3293D14F20080ACC2 /* WhatToWatchApp.swift */,
				5D43F8D5293D14F20080ACC2 /* LoginView.swift */,
				5DE24F1F293D965C0026A0D2 /* HomepageView.swift */,
				5D772AB3293D4A1E009CA40E /* ListAPIView.swift */,
				5DE24F23293DA43B0026A0D2 /* ListView.swift */,
				5DAB14E8293E3B7B008C7F6F /* EpisodesListView.swift */,
				5DAB14F4293E65BC008C7F6F /* EpisodeView.swift */,
				5D772AB9293D6BF1009CA40E /* AddNewShowView.swift */,
				5DAB14DC293E3042008C7F6F /* SavedShowView.swift */,
				5DAB14F8293E7416008C7F6F /* CommentsView.swift */,
				5D1AEB3F293ED86200CE5135 /* CommentView.swift */,
				5DAB14E0293E3493008C7F6F /* AddShowReviewView.swift */,
				5D772AB5293D5114009CA40E /* Show.swift */,
				5DE24F21293D97450026A0D2 /* SavedShow.swift */,
				5DAB14E6293E38B0008C7F6F /* Episode.swift */,
				5DAB14F6293E6D8C008C7F6F /* Comment.swift */,
				5DAB14F2293E64C5008C7F6F /* EpisodeDetails.swift */,
				5DAB14E4293E383E008C7F6F /* EpisodesViewModel.swift */,
				5DAB14F0293E6494008C7F6F /* EpisodeViewModel.swift */,
				5D772AB7293D5242009CA40E /* ShowsViewModel.swift */,
				5D772ABD293D75AC009CA40E /* ShowViewModel.swift */,
				5D43F8D7293D14F40080ACC2 /* Assets.xcassets */,
				5D43F8EA293D18DF0080ACC2 /* GoogleService-Info.plist */,
				5D43F8D9293D14F40080ACC2 /* Preview Content */,
			);
			path = WhatToWatch;
			sourceTree = "<group>";
		};
		5D43F8D9293D14F40080ACC2 /* Preview Content */ = {
			isa = PBXGroup;
			children = (
				5D43F8DA293D14F40080ACC2 /* Preview Assets.xcassets */,
			);
			path = "Preview Content";
			sourceTree = "<group>";
		};
/* End PBXGroup section */

/* Begin PBXNativeTarget section */
		5D43F8CF293D14F20080ACC2 /* WhatToWatch */ = {
			isa = PBXNativeTarget;
			buildConfigurationList = 5D43F8DE293D14F40080ACC2 /* Build configuration list for PBXNativeTarget "WhatToWatch" */;
			buildPhases = (
				5D43F8CC293D14F20080ACC2 /* Sources */,
				5D43F8CD293D14F20080ACC2 /* Frameworks */,
				5D43F8CE293D14F20080ACC2 /* Resources */,
			);
			buildRules = (
			);
			dependencies = (
			);
			name = WhatToWatch;
			packageProductDependencies = (
				5D43F8E2293D166F0080ACC2 /* FirebaseAuth */,
				5D43F8E4293D166F0080ACC2 /* FirebaseFirestore */,
				5D43F8E6293D166F0080ACC2 /* FirebaseFirestoreSwift */,
				5D43F8E8293D166F0080ACC2 /* FirebaseStorage */,
			);
			productName = WhatToWatch;
			productReference = 5D43F8D0293D14F20080ACC2 /* WhatToWatch.app */;
			productType = "com.apple.product-type.application";
		};
/* End PBXNativeTarget section */

/* Begin PBXProject section */
		5D43F8C8293D14F20080ACC2 /* Project object */ = {
			isa = PBXProject;
			attributes = {
				BuildIndependentTargetsInParallel = 1;
				LastSwiftUpdateCheck = 1400;
				LastUpgradeCheck = 1400;
				TargetAttributes = {
					5D43F8CF293D14F20080ACC2 = {
						CreatedOnToolsVersion = 14.0;
					};
				};
			};
			buildConfigurationList = 5D43F8CB293D14F20080ACC2 /* Build configuration list for PBXProject "WhatToWatch" */;
			compatibilityVersion = "Xcode 14.0";
			developmentRegion = en;
			hasScannedForEncodings = 0;
			knownRegions = (
				en,
				Base,
			);
			mainGroup = 5D43F8C7293D14F20080ACC2;
			packageReferences = (
				5D43F8E1293D166F0080ACC2 /* XCRemoteSwiftPackageReference "firebase-ios-sdk" */,
			);
			productRefGroup = 5D43F8D1293D14F20080ACC2 /* Products */;
			projectDirPath = "";
			projectRoot = "";
			targets = (
				5D43F8CF293D14F20080ACC2 /* WhatToWatch */,
			);
		};
/* End PBXProject section */

/* Begin PBXResourcesBuildPhase section */
		5D43F8CE293D14F20080ACC2 /* Resources */ = {
			isa = PBXResourcesBuildPhase;
			buildActionMask = 2147483647;
			files = (
				5D43F8DB293D14F40080ACC2 /* Preview Assets.xcassets in Resources */,
				5D43F8D8293D14F40080ACC2 /* Assets.xcassets in Resources */,
				5D43F8EB293D18E00080ACC2 /* GoogleService-Info.plist in Resources */,
			);
			runOnlyForDeploymentPostprocessing = 0;
		};
/* End PBXResourcesBuildPhase section */

/* Begin PBXSourcesBuildPhase section */
		5D43F8CC293D14F20080ACC2 /* Sources */ = {
			isa = PBXSourcesBuildPhase;
			buildActionMask = 2147483647;
			files = (
				5D772AB8293D5242009CA40E /* ShowsViewModel.swift in Sources */,
				5DAB14F3293E64C5008C7F6F /* EpisodeDetails.swift in Sources */,
				5DAB14F9293E7416008C7F6F /* CommentsView.swift in Sources */,
				5D772AB4293D4A1E009CA40E /* ListAPIView.swift in Sources */,
				5DE24F24293DA43B0026A0D2 /* ListView.swift in Sources */,
				5DAB14E9293E3B7B008C7F6F /* EpisodesListView.swift in Sources */,
				5DE24F22293D97450026A0D2 /* SavedShow.swift in Sources */,
				5D772ABA293D6BF1009CA40E /* AddNewShowView.swift in Sources */,
				5DAB14F1293E6494008C7F6F /* EpisodeViewModel.swift in Sources */,
				5D43F8D6293D14F20080ACC2 /* LoginView.swift in Sources */,
				5D772ABE293D75AC009CA40E /* ShowViewModel.swift in Sources */,
				5DAB14F5293E65BC008C7F6F /* EpisodeView.swift in Sources */,
				5D1AEB40293ED86200CE5135 /* CommentView.swift in Sources */,
				5DAB14E5293E383E008C7F6F /* EpisodesViewModel.swift in Sources */,
				5DAB14DD293E3042008C7F6F /* SavedShowView.swift in Sources */,
				5DAB14E7293E38B0008C7F6F /* Episode.swift in Sources */,
				5D772AB6293D5114009CA40E /* Show.swift in Sources */,
				5DE24F20293D965C0026A0D2 /* HomepageView.swift in Sources */,
				5DAB14F7293E6D8C008C7F6F /* Comment.swift in Sources */,
				5DAB14E1293E3493008C7F6F /* AddShowReviewView.swift in Sources */,
				5D43F8D4293D14F20080ACC2 /* WhatToWatchApp.swift in Sources */,
			);
			runOnlyForDeploymentPostprocessing = 0;
		};
/* End PBXSourcesBuildPhase section */

/* Begin XCBuildConfiguration section */
		5D43F8DC293D14F40080ACC2 /* Debug */ = {
			isa = XCBuildConfiguration;
			buildSettings = {
				ALWAYS_SEARCH_USER_PATHS = NO;
				CLANG_ANALYZER_NONNULL = YES;
				CLANG_ANALYZER_NUMBER_OBJECT_CONVERSION = YES_AGGRESSIVE;
				CLANG_CXX_LANGUAGE_STANDARD = "gnu++20";
				CLANG_ENABLE_MODULES = YES;
				CLANG_ENABLE_OBJC_ARC = YES;
				CLANG_ENABLE_OBJC_WEAK = YES;
				CLANG_WARN_BLOCK_CAPTURE_AUTORELEASING = YES;
				CLANG_WARN_BOOL_CONVERSION = YES;
				CLANG_WARN_COMMA = YES;
				CLANG_WARN_CONSTANT_CONVERSION = YES;
				CLANG_WARN_DEPRECATED_OBJC_IMPLEMENTATIONS = YES;
				CLANG_WARN_DIRECT_OBJC_ISA_USAGE = YES_ERROR;
				CLANG_WARN_DOCUMENTATION_COMMENTS = YES;
				CLANG_WARN_EMPTY_BODY = YES;
				CLANG_WARN_ENUM_CONVERSION = YES;
				CLANG_WARN_INFINITE_RECURSION = YES;
				CLANG_WARN_INT_CONVERSION = YES;
				CLANG_WARN_NON_LITERAL_NULL_CONVERSION = YES;
				CLANG_WARN_OBJC_IMPLICIT_RETAIN_SELF = YES;
				CLANG_WARN_OBJC_LITERAL_CONVERSION = YES;
				CLANG_WARN_OBJC_ROOT_CLASS = YES_ERROR;
				CLANG_WARN_QUOTED_INCLUDE_IN_FRAMEWORK_HEADER = YES;
				CLANG_WARN_RANGE_LOOP_ANALYSIS = YES;
				CLANG_WARN_STRICT_PROTOTYPES = YES;
				CLANG_WARN_SUSPICIOUS_MOVE = YES;
				CLANG_WARN_UNGUARDED_AVAILABILITY = YES_AGGRESSIVE;
				CLANG_WARN_UNREACHABLE_CODE = YES;
				CLANG_WARN__DUPLICATE_METHOD_MATCH = YES;
				COPY_PHASE_STRIP = NO;
				DEBUG_INFORMATION_FORMAT = dwarf;
				ENABLE_STRICT_OBJC_MSGSEND = YES;
				ENABLE_TESTABILITY = YES;
				GCC_C_LANGUAGE_STANDARD = gnu11;
				GCC_DYNAMIC_NO_PIC = NO;
				GCC_NO_COMMON_BLOCKS = YES;
				GCC_OPTIMIZATION_LEVEL = 0;
				GCC_PREPROCESSOR_DEFINITIONS = (
					"DEBUG=1",
					"$(inherited)",
				);
				GCC_WARN_64_TO_32_BIT_CONVERSION = YES;
				GCC_WARN_ABOUT_RETURN_TYPE = YES_ERROR;
				GCC_WARN_UNDECLARED_SELECTOR = YES;
				GCC_WARN_UNINITIALIZED_AUTOS = YES_AGGRESSIVE;
				GCC_WARN_UNUSED_FUNCTION = YES;
				GCC_WARN_UNUSED_VARIABLE = YES;
				IPHONEOS_DEPLOYMENT_TARGET = 16.0;
				MTL_ENABLE_DEBUG_INFO = INCLUDE_SOURCE;
				MTL_FAST_MATH = YES;
				ONLY_ACTIVE_ARCH = YES;
				SDKROOT = iphoneos;
				SWIFT_ACTIVE_COMPILATION_CONDITIONS = DEBUG;
				SWIFT_OPTIMIZATION_LEVEL = "-Onone";
			};
			name = Debug;
		};
		5D43F8DD293D14F40080ACC2 /* Release */ = {
			isa = XCBuildConfiguration;
			buildSettings = {
				ALWAYS_SEARCH_USER_PATHS = NO;
				CLANG_ANALYZER_NONNULL = YES;
				CLANG_ANALYZER_NUMBER_OBJECT_CONVERSION = YES_AGGRESSIVE;
				CLANG_CXX_LANGUAGE_STANDARD = "gnu++20";
				CLANG_ENABLE_MODULES = YES;
				CLANG_ENABLE_OBJC_ARC = YES;
				CLANG_ENABLE_OBJC_WEAK = YES;
				CLANG_WARN_BLOCK_CAPTURE_AUTORELEASING = YES;
				CLANG_WARN_BOOL_CONVERSION = YES;
				CLANG_WARN_COMMA = YES;
				CLANG_WARN_CONSTANT_CONVERSION = YES;
				CLANG_WARN_DEPRECATED_OBJC_IMPLEMENTATIONS = YES;
				CLANG_WARN_DIRECT_OBJC_ISA_USAGE = YES_ERROR;
				CLANG_WARN_DOCUMENTATION_COMMENTS = YES;
				CLANG_WARN_EMPTY_BODY = YES;
				CLANG_WARN_ENUM_CONVERSION = YES;
				CLANG_WARN_INFINITE_RECURSION = YES;
				CLANG_WARN_INT_CONVERSION = YES;
				CLANG_WARN_NON_LITERAL_NULL_CONVERSION = YES;
				CLANG_WARN_OBJC_IMPLICIT_RETAIN_SELF = YES;
				CLANG_WARN_OBJC_LITERAL_CONVERSION = YES;
				CLANG_WARN_OBJC_ROOT_CLASS = YES_ERROR;
				CLANG_WARN_QUOTED_INCLUDE_IN_FRAMEWORK_HEADER = YES;
				CLANG_WARN_RANGE_LOOP_ANALYSIS = YES;
				CLANG_WARN_STRICT_PROTOTYPES = YES;
				CLANG_WARN_SUSPICIOUS_MOVE = YES;
				CLANG_WARN_UNGUARDED_AVAILABILITY = YES_AGGRESSIVE;
				CLANG_WARN_UNREACHABLE_CODE = YES;
				CLANG_WARN__DUPLICATE_METHOD_MATCH = YES;
				COPY_PHASE_STRIP = NO;
				DEBUG_INFORMATION_FORMAT = "dwarf-with-dsym";
				ENABLE_NS_ASSERTIONS = NO;
				ENABLE_STRICT_OBJC_MSGSEND = YES;
				GCC_C_LANGUAGE_STANDARD = gnu11;
				GCC_NO_COMMON_BLOCKS = YES;
				GCC_WARN_64_TO_32_BIT_CONVERSION = YES;
				GCC_WARN_ABOUT_RETURN_TYPE = YES_ERROR;
				GCC_WARN_UNDECLARED_SELECTOR = YES;
				GCC_WARN_UNINITIALIZED_AUTOS = YES_AGGRESSIVE;
				GCC_WARN_UNUSED_FUNCTION = YES;
				GCC_WARN_UNUSED_VARIABLE = YES;
				IPHONEOS_DEPLOYMENT_TARGET = 16.0;
				MTL_ENABLE_DEBUG_INFO = NO;
				MTL_FAST_MATH = YES;
				SDKROOT = iphoneos;
				SWIFT_COMPILATION_MODE = wholemodule;
				SWIFT_OPTIMIZATION_LEVEL = "-O";
				VALIDATE_PRODUCT = YES;
			};
			name = Release;
		};
		5D43F8DF293D14F40080ACC2 /* Debug */ = {
			isa = XCBuildConfiguration;
			buildSettings = {
				ASSETCATALOG_COMPILER_APPICON_NAME = AppIcon;
				ASSETCATALOG_COMPILER_GLOBAL_ACCENT_COLOR_NAME = AccentColor;
				CODE_SIGN_STYLE = Automatic;
				CURRENT_PROJECT_VERSION = 1;
				DEVELOPMENT_ASSET_PATHS = "\"WhatToWatch/Preview Content\"";
				DEVELOPMENT_TEAM = 236VA8K9Y4;
				ENABLE_PREVIEWS = YES;
				GENERATE_INFOPLIST_FILE = YES;
				INFOPLIST_FILE = WhatToWatch/Info.plist;
				INFOPLIST_KEY_UIApplicationSceneManifest_Generation = YES;
				INFOPLIST_KEY_UIApplicationSupportsIndirectInputEvents = YES;
				INFOPLIST_KEY_UISupportedInterfaceOrientations_iPad = "UIInterfaceOrientationPortrait UIInterfaceOrientationPortraitUpsideDown UIInterfaceOrientationLandscapeLeft UIInterfaceOrientationLandscapeRight";
				INFOPLIST_KEY_UISupportedInterfaceOrientations_iPhone = "UIInterfaceOrientationPortrait UIInterfaceOrientationLandscapeLeft UIInterfaceOrientationLandscapeRight";
				LD_RUNPATH_SEARCH_PATHS = (
					"$(inherited)",
					"@executable_path/Frameworks",
				);
				MARKETING_VERSION = 1.0;
				PRODUCT_BUNDLE_IDENTIFIER = jayNoonan.WhatToWatch;
				PRODUCT_NAME = "$(TARGET_NAME)";
				SWIFT_EMIT_LOC_STRINGS = YES;
				SWIFT_VERSION = 5.0;
				TARGETED_DEVICE_FAMILY = "1,2";
			};
			name = Debug;
		};
		5D43F8E0293D14F40080ACC2 /* Release */ = {
			isa = XCBuildConfiguration;
			buildSettings = {
				ASSETCATALOG_COMPILER_APPICON_NAME = AppIcon;
				ASSETCATALOG_COMPILER_GLOBAL_ACCENT_COLOR_NAME = AccentColor;
				CODE_SIGN_STYLE = Automatic;
				CURRENT_PROJECT_VERSION = 1;
				DEVELOPMENT_ASSET_PATHS = "\"WhatToWatch/Preview Content\"";
				DEVELOPMENT_TEAM = 236VA8K9Y4;
				ENABLE_PREVIEWS = YES;
				GENERATE_INFOPLIST_FILE = YES;
				INFOPLIST_FILE = WhatToWatch/Info.plist;
				INFOPLIST_KEY_UIApplicationSceneManifest_Generation = YES;
				INFOPLIST_KEY_UIApplicationSupportsIndirectInputEvents = YES;
				INFOPLIST_KEY_UISupportedInterfaceOrientations_iPad = "UIInterfaceOrientationPortrait UIInterfaceOrientationPortraitUpsideDown UIInterfaceOrientationLandscapeLeft UIInterfaceOrientationLandscapeRight";
				INFOPLIST_KEY_UISupportedInterfaceOrientations_iPhone = "UIInterfaceOrientationPortrait UIInterfaceOrientationLandscapeLeft UIInterfaceOrientationLandscapeRight";
				LD_RUNPATH_SEARCH_PATHS = (
					"$(inherited)",
					"@executable_path/Frameworks",
				);
				MARKETING_VERSION = 1.0;
				PRODUCT_BUNDLE_IDENTIFIER = jayNoonan.WhatToWatch;
				PRODUCT_NAME = "$(TARGET_NAME)";
				SWIFT_EMIT_LOC_STRINGS = YES;
				SWIFT_VERSION = 5.0;
				TARGETED_DEVICE_FAMILY = "1,2";
			};
			name = Release;
		};
/* End XCBuildConfiguration section */

/* Begin XCConfigurationList section */
		5D43F8CB293D14F20080ACC2 /* Build configuration list for PBXProject "WhatToWatch" */ = {
			isa = XCConfigurationList;
			buildConfigurations = (
				5D43F8DC293D14F40080ACC2 /* Debug */,
				5D43F8DD293D14F40080ACC2 /* Release */,
			);
			defaultConfigurationIsVisible = 0;
			defaultConfigurationName = Release;
		};
		5D43F8DE293D14F40080ACC2 /* Build configuration list for PBXNativeTarget "WhatToWatch" */ = {
			isa = XCConfigurationList;
			buildConfigurations = (
				5D43F8DF293D14F40080ACC2 /* Debug */,
				5D43F8E0293D14F40080ACC2 /* Release */,
			);
			defaultConfigurationIsVisible = 0;
			defaultConfigurationName = Release;
		};
/* End XCConfigurationList section */

/* Begin XCRemoteSwiftPackageReference section */
		5D43F8E1293D166F0080ACC2 /* XCRemoteSwiftPackageReference "firebase-ios-sdk" */ = {
			isa = XCRemoteSwiftPackageReference;
			repositoryURL = "https://github.com/firebase/firebase-ios-sdk.git";
			requirement = {
				branch = master;
				kind = branch;
			};
		};
/* End XCRemoteSwiftPackageReference section */

/* Begin XCSwiftPackageProductDependency section */
		5D43F8E2293D166F0080ACC2 /* FirebaseAuth */ = {
			isa = XCSwiftPackageProductDependency;
			package = 5D43F8E1293D166F0080ACC2 /* XCRemoteSwiftPackageReference "firebase-ios-sdk" */;
			productName = FirebaseAuth;
		};
		5D43F8E4293D166F0080ACC2 /* FirebaseFirestore */ = {
			isa = XCSwiftPackageProductDependency;
			package = 5D43F8E1293D166F0080ACC2 /* XCRemoteSwiftPackageReference "firebase-ios-sdk" */;
			productName = FirebaseFirestore;
		};
		5D43F8E6293D166F0080ACC2 /* FirebaseFirestoreSwift */ = {
			isa = XCSwiftPackageProductDependency;
			package = 5D43F8E1293D166F0080ACC2 /* XCRemoteSwiftPackageReference "firebase-ios-sdk" */;
			productName = FirebaseFirestoreSwift;
		};
		5D43F8E8293D166F0080ACC2 /* FirebaseStorage */ = {
			isa = XCSwiftPackageProductDependency;
			package = 5D43F8E1293D166F0080ACC2 /* XCRemoteSwiftPackageReference "firebase-ios-sdk" */;
			productName = FirebaseStorage;
		};
/* End XCSwiftPackageProductDependency section */
	};
	rootObject = 5D43F8C8293D14F20080ACC2 /* Project object */;
}
